{
  "requires": true,
  "lockfileVersion": 1,
  "dependencies": {
    "uview-ui": {
      "version": "1.7.9",
      "resolved": "https://registry.npmjs.org/uview-ui/-/uview-ui-1.7.9.tgz",
      "integrity": "sha512-YSZvz69Yt/7qoJohc9+tWVQsb4fUiE30OnvTZhUA0H+SkxhQXK6MgNsmL/lZ7RVqFLwawQBzDths2ReluvFOcA=="
    },
    "vuex": {
      "version": "3.5.1",
      "resolved": "https://registry.npmjs.org/vuex/-/vuex-3.5.1.tgz",
      "integrity": "sha512-w7oJzmHQs0FM9LXodfskhw9wgKBiaB+totOdb8sNzbTB2KDCEEwEs29NzBZFh/lmEK1t5tDmM1vtsO7ubG1DFw=="
    }
  }
}
