{
  "requires": true,
  "lockfileVersion": 1,
  "dependencies": {
    "echarts": {
      "version": "4.9.0",
      "resolved": "https://registry.npmjs.org/echarts/-/echarts-4.9.0.tgz",
      "integrity": "sha512-+ugizgtJ+KmsJyyDPxaw2Br5FqzuBnyOWwcxPKO6y0gc5caYcfnEUIlNStx02necw8jmKmTafmpHhGo4XDtEIA==",
      "requires": {
        "zrender": "4.3.2"
      }
    },
    "uview-ui": {
      "version": "1.7.9",
      "resolved": "https://registry.npmjs.org/uview-ui/-/uview-ui-1.7.9.tgz",
      "integrity": "sha512-YSZvz69Yt/7qoJohc9+tWVQsb4fUiE30OnvTZhUA0H+SkxhQXK6MgNsmL/lZ7RVqFLwawQBzDths2ReluvFOcA=="
    },
    "vuex": {
      "version": "3.5.1",
      "resolved": "https://registry.npmjs.org/vuex/-/vuex-3.5.1.tgz",
      "integrity": "sha512-w7oJzmHQs0FM9LXodfskhw9wgKBiaB+totOdb8sNzbTB2KDCEEwEs29NzBZFh/lmEK1t5tDmM1vtsO7ubG1DFw=="
    },
    "zrender": {
      "version": "4.3.2",
      "resolved": "https://registry.npmjs.org/zrender/-/zrender-4.3.2.tgz",
      "integrity": "sha512-bIusJLS8c4DkIcdiK+s13HiQ/zjQQVgpNohtd8d94Y2DnJqgM1yjh/jpDb8DoL6hd7r8Awagw8e3qK/oLaWr3g=="
    }
  }
}
